
Microsoft Visual Studio Solution File, Format Version 12.00
# Visual Studio Version 16
VisualStudioVersion = 16.0.31911.196
MinimumVisualStudioVersion = 10.0.40219.1
Project("{FAE04EC0-301F-11D3-BF4B-00C04F79EFBC}") = "Password Checker", "Password Checker\Password Checker.csproj", "{B70E028F-EF61-49B4-B190-4829CF9A5861}"
EndProject
Global
	GlobalSection(SolutionConfigurationPlatforms) = preSolution
		Debug|Any CPU = Debug|Any CPU
		Release|Any CPU = Release|Any CPU
	EndGlobalSection
	GlobalSection(ProjectConfigurationPlatforms) = postSolution
		{B70E028F-EF61-49B4-B190-4829CF9A5861}.Debug|Any CPU.ActiveCfg = Debug|Any CPU
		{B70E028F-EF61-49B4-B190-4829CF9A5861}.Debug|Any CPU.Build.0 = Debug|Any CPU
		{B70E028F-EF61-49B4-B190-4829CF9A5861}.Release|Any CPU.ActiveCfg = Release|Any CPU
		{B70E028F-EF61-49B4-B190-4829CF9A5861}.Release|Any CPU.Build.0 = Release|Any CPU
	EndGlobalSection
	GlobalSection(SolutionProperties) = preSolution
		HideSolutionNode = FALSE
	EndGlobalSection
	GlobalSection(ExtensibilityGlobals) = postSolution
		SolutionGuid = {0ACE9235-DD8E-4AD4-A08A-9D844E9E84A0}
	EndGlobalSection
EndGlobal
